
Microsoft Visual Studio Solution File, Format Version 12.00
# Visual Studio Version 16
VisualStudioVersion = 16.0.30517.126
MinimumVisualStudioVersion = 10.0.40219.1
Project("{8BC9CEB8-8B4A-11D0-8D11-00A0C91BC942}") = "semifattoriale", "semifattoriale.vcxproj", "{9B82E8A9-82E2-4BFA-8344-C47CEF8BE62A}"
EndProject
Global
	GlobalSection(SolutionConfigurationPlatforms) = preSolution
		Debug|x64 = Debug|x64
		Debug|x86 = Debug|x86
		Release|x64 = Release|x64
		Release|x86 = Release|x86
	EndGlobalSection
	GlobalSection(ProjectConfigurationPlatforms) = postSolution
		{9B82E8A9-82E2-4BFA-8344-C47CEF8BE62A}.Debug|x64.ActiveCfg = Debug|x64
		{9B82E8A9-82E2-4BFA-8344-C47CEF8BE62A}.Debug|x64.Build.0 = Debug|x64
		{9B82E8A9-82E2-4BFA-8344-C47CEF8BE62A}.Debug|x86.ActiveCfg = Debug|Win32
		{9B82E8A9-82E2-4BFA-8344-C47CEF8BE62A}.Debug|x86.Build.0 = Debug|Win32
		{9B82E8A9-82E2-4BFA-8344-C47CEF8BE62A}.Release|x64.ActiveCfg = Release|x64
		{9B82E8A9-82E2-4BFA-8344-C47CEF8BE62A}.Release|x64.Build.0 = Release|x64
		{9B82E8A9-82E2-4BFA-8344-C47CEF8BE62A}.Release|x86.ActiveCfg = Release|Win32
		{9B82E8A9-82E2-4BFA-8344-C47CEF8BE62A}.Release|x86.Build.0 = Release|Win32
	EndGlobalSection
	GlobalSection(SolutionProperties) = preSolution
		HideSolutionNode = FALSE
	EndGlobalSection
	GlobalSection(ExtensibilityGlobals) = postSolution
		SolutionGuid = {B832945F-D91E-4980-81E2-36D967E4B31F}
	EndGlobalSection
EndGlobal
