
Microsoft Visual Studio Solution File, Format Version 12.00
# Visual Studio Version 16
VisualStudioVersion = 16.0.30517.126
MinimumVisualStudioVersion = 10.0.40219.1
Project("{8BC9CEB8-8B4A-11D0-8D11-00A0C91BC942}") = "probabilita", "probabilita.vcxproj", "{96FDE4A8-E542-4D1A-A3E2-E36E45A57E2A}"
EndProject
Global
	GlobalSection(SolutionConfigurationPlatforms) = preSolution
		Debug|x64 = Debug|x64
		Debug|x86 = Debug|x86
		Release|x64 = Release|x64
		Release|x86 = Release|x86
	EndGlobalSection
	GlobalSection(ProjectConfigurationPlatforms) = postSolution
		{96FDE4A8-E542-4D1A-A3E2-E36E45A57E2A}.Debug|x64.ActiveCfg = Debug|x64
		{96FDE4A8-E542-4D1A-A3E2-E36E45A57E2A}.Debug|x64.Build.0 = Debug|x64
		{96FDE4A8-E542-4D1A-A3E2-E36E45A57E2A}.Debug|x86.ActiveCfg = Debug|Win32
		{96FDE4A8-E542-4D1A-A3E2-E36E45A57E2A}.Debug|x86.Build.0 = Debug|Win32
		{96FDE4A8-E542-4D1A-A3E2-E36E45A57E2A}.Release|x64.ActiveCfg = Release|x64
		{96FDE4A8-E542-4D1A-A3E2-E36E45A57E2A}.Release|x64.Build.0 = Release|x64
		{96FDE4A8-E542-4D1A-A3E2-E36E45A57E2A}.Release|x86.ActiveCfg = Release|Win32
		{96FDE4A8-E542-4D1A-A3E2-E36E45A57E2A}.Release|x86.Build.0 = Release|Win32
	EndGlobalSection
	GlobalSection(SolutionProperties) = preSolution
		HideSolutionNode = FALSE
	EndGlobalSection
	GlobalSection(ExtensibilityGlobals) = postSolution
		SolutionGuid = {6476E241-A77B-42DB-B733-9AB13424B51E}
	EndGlobalSection
EndGlobal
