
Microsoft Visual Studio Solution File, Format Version 12.00
# Visual Studio Version 16
VisualStudioVersion = 16.0.30517.126
MinimumVisualStudioVersion = 10.0.40219.1
Project("{8BC9CEB8-8B4A-11D0-8D11-00A0C91BC942}") = "ombrelloni", "ombrelloni.vcxproj", "{2B3E68D1-BB96-4EF7-8322-14FF651514D8}"
EndProject
Global
	GlobalSection(SolutionConfigurationPlatforms) = preSolution
		Debug|x64 = Debug|x64
		Debug|x86 = Debug|x86
		Release|x64 = Release|x64
		Release|x86 = Release|x86
	EndGlobalSection
	GlobalSection(ProjectConfigurationPlatforms) = postSolution
		{2B3E68D1-BB96-4EF7-8322-14FF651514D8}.Debug|x64.ActiveCfg = Debug|x64
		{2B3E68D1-BB96-4EF7-8322-14FF651514D8}.Debug|x64.Build.0 = Debug|x64
		{2B3E68D1-BB96-4EF7-8322-14FF651514D8}.Debug|x86.ActiveCfg = Debug|Win32
		{2B3E68D1-BB96-4EF7-8322-14FF651514D8}.Debug|x86.Build.0 = Debug|Win32
		{2B3E68D1-BB96-4EF7-8322-14FF651514D8}.Release|x64.ActiveCfg = Release|x64
		{2B3E68D1-BB96-4EF7-8322-14FF651514D8}.Release|x64.Build.0 = Release|x64
		{2B3E68D1-BB96-4EF7-8322-14FF651514D8}.Release|x86.ActiveCfg = Release|Win32
		{2B3E68D1-BB96-4EF7-8322-14FF651514D8}.Release|x86.Build.0 = Release|Win32
	EndGlobalSection
	GlobalSection(SolutionProperties) = preSolution
		HideSolutionNode = FALSE
	EndGlobalSection
	GlobalSection(ExtensibilityGlobals) = postSolution
		SolutionGuid = {D3ED41BD-02B5-4E99-8D6F-3EFAD2E70EE7}
	EndGlobalSection
EndGlobal
