
Microsoft Visual Studio Solution File, Format Version 12.00
# Visual Studio Version 16
VisualStudioVersion = 16.0.30517.126
MinimumVisualStudioVersion = 10.0.40219.1
Project("{8BC9CEB8-8B4A-11D0-8D11-00A0C91BC942}") = "matSupper", "matSupper.vcxproj", "{E5674573-CBC4-402E-8AE6-CC7031F4CCA5}"
EndProject
Global
	GlobalSection(SolutionConfigurationPlatforms) = preSolution
		Debug|x64 = Debug|x64
		Debug|x86 = Debug|x86
		Release|x64 = Release|x64
		Release|x86 = Release|x86
	EndGlobalSection
	GlobalSection(ProjectConfigurationPlatforms) = postSolution
		{E5674573-CBC4-402E-8AE6-CC7031F4CCA5}.Debug|x64.ActiveCfg = Debug|x64
		{E5674573-CBC4-402E-8AE6-CC7031F4CCA5}.Debug|x64.Build.0 = Debug|x64
		{E5674573-CBC4-402E-8AE6-CC7031F4CCA5}.Debug|x86.ActiveCfg = Debug|Win32
		{E5674573-CBC4-402E-8AE6-CC7031F4CCA5}.Debug|x86.Build.0 = Debug|Win32
		{E5674573-CBC4-402E-8AE6-CC7031F4CCA5}.Release|x64.ActiveCfg = Release|x64
		{E5674573-CBC4-402E-8AE6-CC7031F4CCA5}.Release|x64.Build.0 = Release|x64
		{E5674573-CBC4-402E-8AE6-CC7031F4CCA5}.Release|x86.ActiveCfg = Release|Win32
		{E5674573-CBC4-402E-8AE6-CC7031F4CCA5}.Release|x86.Build.0 = Release|Win32
	EndGlobalSection
	GlobalSection(SolutionProperties) = preSolution
		HideSolutionNode = FALSE
	EndGlobalSection
	GlobalSection(ExtensibilityGlobals) = postSolution
		SolutionGuid = {061821A2-C618-439B-8525-70AA0C9DE874}
	EndGlobalSection
EndGlobal
