
Microsoft Visual Studio Solution File, Format Version 12.00
# Visual Studio Version 16
VisualStudioVersion = 16.0.30517.126
MinimumVisualStudioVersion = 10.0.40219.1
Project("{8BC9CEB8-8B4A-11D0-8D11-00A0C91BC942}") = "Equivalenti", "Equivalenti.vcxproj", "{B554ED78-CB06-4C66-9CE5-C078F086DA5D}"
EndProject
Global
	GlobalSection(SolutionConfigurationPlatforms) = preSolution
		Debug|x64 = Debug|x64
		Debug|x86 = Debug|x86
		Release|x64 = Release|x64
		Release|x86 = Release|x86
	EndGlobalSection
	GlobalSection(ProjectConfigurationPlatforms) = postSolution
		{B554ED78-CB06-4C66-9CE5-C078F086DA5D}.Debug|x64.ActiveCfg = Debug|x64
		{B554ED78-CB06-4C66-9CE5-C078F086DA5D}.Debug|x64.Build.0 = Debug|x64
		{B554ED78-CB06-4C66-9CE5-C078F086DA5D}.Debug|x86.ActiveCfg = Debug|Win32
		{B554ED78-CB06-4C66-9CE5-C078F086DA5D}.Debug|x86.Build.0 = Debug|Win32
		{B554ED78-CB06-4C66-9CE5-C078F086DA5D}.Release|x64.ActiveCfg = Release|x64
		{B554ED78-CB06-4C66-9CE5-C078F086DA5D}.Release|x64.Build.0 = Release|x64
		{B554ED78-CB06-4C66-9CE5-C078F086DA5D}.Release|x86.ActiveCfg = Release|Win32
		{B554ED78-CB06-4C66-9CE5-C078F086DA5D}.Release|x86.Build.0 = Release|Win32
	EndGlobalSection
	GlobalSection(SolutionProperties) = preSolution
		HideSolutionNode = FALSE
	EndGlobalSection
	GlobalSection(ExtensibilityGlobals) = postSolution
		SolutionGuid = {6CE85E25-EFE9-4DB4-9FFA-A806746E7F97}
	EndGlobalSection
EndGlobal
