
Microsoft Visual Studio Solution File, Format Version 12.00
# Visual Studio Version 16
VisualStudioVersion = 16.0.30517.126
MinimumVisualStudioVersion = 10.0.40219.1
Project("{8BC9CEB8-8B4A-11D0-8D11-00A0C91BC942}") = "resetCross", "resetCross.vcxproj", "{CD1DE5BE-7E8B-41E6-B37B-DD00FCBA922C}"
EndProject
Global
	GlobalSection(SolutionConfigurationPlatforms) = preSolution
		Debug|x64 = Debug|x64
		Debug|x86 = Debug|x86
		Release|x64 = Release|x64
		Release|x86 = Release|x86
	EndGlobalSection
	GlobalSection(ProjectConfigurationPlatforms) = postSolution
		{CD1DE5BE-7E8B-41E6-B37B-DD00FCBA922C}.Debug|x64.ActiveCfg = Debug|x64
		{CD1DE5BE-7E8B-41E6-B37B-DD00FCBA922C}.Debug|x64.Build.0 = Debug|x64
		{CD1DE5BE-7E8B-41E6-B37B-DD00FCBA922C}.Debug|x86.ActiveCfg = Debug|Win32
		{CD1DE5BE-7E8B-41E6-B37B-DD00FCBA922C}.Debug|x86.Build.0 = Debug|Win32
		{CD1DE5BE-7E8B-41E6-B37B-DD00FCBA922C}.Release|x64.ActiveCfg = Release|x64
		{CD1DE5BE-7E8B-41E6-B37B-DD00FCBA922C}.Release|x64.Build.0 = Release|x64
		{CD1DE5BE-7E8B-41E6-B37B-DD00FCBA922C}.Release|x86.ActiveCfg = Release|Win32
		{CD1DE5BE-7E8B-41E6-B37B-DD00FCBA922C}.Release|x86.Build.0 = Release|Win32
	EndGlobalSection
	GlobalSection(SolutionProperties) = preSolution
		HideSolutionNode = FALSE
	EndGlobalSection
	GlobalSection(ExtensibilityGlobals) = postSolution
		SolutionGuid = {DFC235DC-9BD2-4DAC-8666-25F425CB915B}
	EndGlobalSection
EndGlobal
