
Microsoft Visual Studio Solution File, Format Version 12.00
# Visual Studio Version 16
VisualStudioVersion = 16.0.30517.126
MinimumVisualStudioVersion = 10.0.40219.1
Project("{8BC9CEB8-8B4A-11D0-8D11-00A0C91BC942}") = "irpef", "irpef.vcxproj", "{016EFAA8-C29B-4E55-8AB7-666B2145FF5A}"
EndProject
Global
	GlobalSection(SolutionConfigurationPlatforms) = preSolution
		Debug|x64 = Debug|x64
		Debug|x86 = Debug|x86
		Release|x64 = Release|x64
		Release|x86 = Release|x86
	EndGlobalSection
	GlobalSection(ProjectConfigurationPlatforms) = postSolution
		{016EFAA8-C29B-4E55-8AB7-666B2145FF5A}.Debug|x64.ActiveCfg = Debug|x64
		{016EFAA8-C29B-4E55-8AB7-666B2145FF5A}.Debug|x64.Build.0 = Debug|x64
		{016EFAA8-C29B-4E55-8AB7-666B2145FF5A}.Debug|x86.ActiveCfg = Debug|Win32
		{016EFAA8-C29B-4E55-8AB7-666B2145FF5A}.Debug|x86.Build.0 = Debug|Win32
		{016EFAA8-C29B-4E55-8AB7-666B2145FF5A}.Release|x64.ActiveCfg = Release|x64
		{016EFAA8-C29B-4E55-8AB7-666B2145FF5A}.Release|x64.Build.0 = Release|x64
		{016EFAA8-C29B-4E55-8AB7-666B2145FF5A}.Release|x86.ActiveCfg = Release|Win32
		{016EFAA8-C29B-4E55-8AB7-666B2145FF5A}.Release|x86.Build.0 = Release|Win32
	EndGlobalSection
	GlobalSection(SolutionProperties) = preSolution
		HideSolutionNode = FALSE
	EndGlobalSection
	GlobalSection(ExtensibilityGlobals) = postSolution
		SolutionGuid = {68E36537-09FC-4FF5-813C-F9402A6804BE}
	EndGlobalSection
EndGlobal
