
Microsoft Visual Studio Solution File, Format Version 12.00
# Visual Studio Version 16
VisualStudioVersion = 16.0.31702.278
MinimumVisualStudioVersion = 10.0.40219.1
Project("{8BC9CEB8-8B4A-11D0-8D11-00A0C91BC942}") = "Primo", "Primo.vcxproj", "{474B936F-029D-48CE-B7C9-26540C2A6854}"
EndProject
Global
	GlobalSection(SolutionConfigurationPlatforms) = preSolution
		Debug|x64 = Debug|x64
		Debug|x86 = Debug|x86
		Release|x64 = Release|x64
		Release|x86 = Release|x86
	EndGlobalSection
	GlobalSection(ProjectConfigurationPlatforms) = postSolution
		{474B936F-029D-48CE-B7C9-26540C2A6854}.Debug|x64.ActiveCfg = Debug|x64
		{474B936F-029D-48CE-B7C9-26540C2A6854}.Debug|x64.Build.0 = Debug|x64
		{474B936F-029D-48CE-B7C9-26540C2A6854}.Debug|x86.ActiveCfg = Debug|Win32
		{474B936F-029D-48CE-B7C9-26540C2A6854}.Debug|x86.Build.0 = Debug|Win32
		{474B936F-029D-48CE-B7C9-26540C2A6854}.Release|x64.ActiveCfg = Release|x64
		{474B936F-029D-48CE-B7C9-26540C2A6854}.Release|x64.Build.0 = Release|x64
		{474B936F-029D-48CE-B7C9-26540C2A6854}.Release|x86.ActiveCfg = Release|Win32
		{474B936F-029D-48CE-B7C9-26540C2A6854}.Release|x86.Build.0 = Release|Win32
	EndGlobalSection
	GlobalSection(SolutionProperties) = preSolution
		HideSolutionNode = FALSE
	EndGlobalSection
	GlobalSection(ExtensibilityGlobals) = postSolution
		SolutionGuid = {680E24C9-C368-41AB-B6CF-78F920F76349}
	EndGlobalSection
EndGlobal
