
Microsoft Visual Studio Solution File, Format Version 12.00
# Visual Studio Version 16
VisualStudioVersion = 16.0.30517.126
MinimumVisualStudioVersion = 10.0.40219.1
Project("{8BC9CEB8-8B4A-11D0-8D11-00A0C91BC942}") = "Regole", "Regole.vcxproj", "{6BDC9B03-3BF3-44A9-A3E2-062487C2A486}"
EndProject
Global
	GlobalSection(SolutionConfigurationPlatforms) = preSolution
		Debug|x64 = Debug|x64
		Debug|x86 = Debug|x86
		Release|x64 = Release|x64
		Release|x86 = Release|x86
	EndGlobalSection
	GlobalSection(ProjectConfigurationPlatforms) = postSolution
		{6BDC9B03-3BF3-44A9-A3E2-062487C2A486}.Debug|x64.ActiveCfg = Debug|x64
		{6BDC9B03-3BF3-44A9-A3E2-062487C2A486}.Debug|x64.Build.0 = Debug|x64
		{6BDC9B03-3BF3-44A9-A3E2-062487C2A486}.Debug|x86.ActiveCfg = Debug|Win32
		{6BDC9B03-3BF3-44A9-A3E2-062487C2A486}.Debug|x86.Build.0 = Debug|Win32
		{6BDC9B03-3BF3-44A9-A3E2-062487C2A486}.Release|x64.ActiveCfg = Release|x64
		{6BDC9B03-3BF3-44A9-A3E2-062487C2A486}.Release|x64.Build.0 = Release|x64
		{6BDC9B03-3BF3-44A9-A3E2-062487C2A486}.Release|x86.ActiveCfg = Release|Win32
		{6BDC9B03-3BF3-44A9-A3E2-062487C2A486}.Release|x86.Build.0 = Release|Win32
	EndGlobalSection
	GlobalSection(SolutionProperties) = preSolution
		HideSolutionNode = FALSE
	EndGlobalSection
	GlobalSection(ExtensibilityGlobals) = postSolution
		SolutionGuid = {21E1ED44-9832-411A-A852-846F6A9B4B8D}
	EndGlobalSection
EndGlobal
