
Microsoft Visual Studio Solution File, Format Version 12.00
# Visual Studio Version 16
VisualStudioVersion = 16.0.30907.101
MinimumVisualStudioVersion = 10.0.40219.1
Project("{8BC9CEB8-8B4A-11D0-8D11-00A0C91BC942}") = "calcolaSeno", "calcolaSeno.vcxproj", "{B626644A-1577-42B6-98E2-2819A711B588}"
EndProject
Global
	GlobalSection(SolutionConfigurationPlatforms) = preSolution
		Debug|x64 = Debug|x64
		Debug|x86 = Debug|x86
		Release|x64 = Release|x64
		Release|x86 = Release|x86
	EndGlobalSection
	GlobalSection(ProjectConfigurationPlatforms) = postSolution
		{B626644A-1577-42B6-98E2-2819A711B588}.Debug|x64.ActiveCfg = Debug|x64
		{B626644A-1577-42B6-98E2-2819A711B588}.Debug|x64.Build.0 = Debug|x64
		{B626644A-1577-42B6-98E2-2819A711B588}.Debug|x86.ActiveCfg = Debug|Win32
		{B626644A-1577-42B6-98E2-2819A711B588}.Debug|x86.Build.0 = Debug|Win32
		{B626644A-1577-42B6-98E2-2819A711B588}.Release|x64.ActiveCfg = Release|x64
		{B626644A-1577-42B6-98E2-2819A711B588}.Release|x64.Build.0 = Release|x64
		{B626644A-1577-42B6-98E2-2819A711B588}.Release|x86.ActiveCfg = Release|Win32
		{B626644A-1577-42B6-98E2-2819A711B588}.Release|x86.Build.0 = Release|Win32
	EndGlobalSection
	GlobalSection(SolutionProperties) = preSolution
		HideSolutionNode = FALSE
	EndGlobalSection
	GlobalSection(ExtensibilityGlobals) = postSolution
		SolutionGuid = {0132C25D-6E87-4B41-8348-D6D01F7D67D1}
	EndGlobalSection
EndGlobal
