
Microsoft Visual Studio Solution File, Format Version 12.00
# Visual Studio Version 16
VisualStudioVersion = 16.0.30517.126
MinimumVisualStudioVersion = 10.0.40219.1
Project("{8BC9CEB8-8B4A-11D0-8D11-00A0C91BC942}") = "stazioniServizio", "stazioniServizio.vcxproj", "{90763835-FF04-42AB-BDAA-402DF4F7B192}"
EndProject
Global
	GlobalSection(SolutionConfigurationPlatforms) = preSolution
		Debug|x64 = Debug|x64
		Debug|x86 = Debug|x86
		Release|x64 = Release|x64
		Release|x86 = Release|x86
	EndGlobalSection
	GlobalSection(ProjectConfigurationPlatforms) = postSolution
		{90763835-FF04-42AB-BDAA-402DF4F7B192}.Debug|x64.ActiveCfg = Debug|x64
		{90763835-FF04-42AB-BDAA-402DF4F7B192}.Debug|x64.Build.0 = Debug|x64
		{90763835-FF04-42AB-BDAA-402DF4F7B192}.Debug|x86.ActiveCfg = Debug|Win32
		{90763835-FF04-42AB-BDAA-402DF4F7B192}.Debug|x86.Build.0 = Debug|Win32
		{90763835-FF04-42AB-BDAA-402DF4F7B192}.Release|x64.ActiveCfg = Release|x64
		{90763835-FF04-42AB-BDAA-402DF4F7B192}.Release|x64.Build.0 = Release|x64
		{90763835-FF04-42AB-BDAA-402DF4F7B192}.Release|x86.ActiveCfg = Release|Win32
		{90763835-FF04-42AB-BDAA-402DF4F7B192}.Release|x86.Build.0 = Release|Win32
	EndGlobalSection
	GlobalSection(SolutionProperties) = preSolution
		HideSolutionNode = FALSE
	EndGlobalSection
	GlobalSection(ExtensibilityGlobals) = postSolution
		SolutionGuid = {74E537C1-3DC5-490C-9C5E-8B855E5911DF}
	EndGlobalSection
EndGlobal
