
Microsoft Visual Studio Solution File, Format Version 12.00
# Visual Studio Version 16
VisualStudioVersion = 16.0.30517.126
MinimumVisualStudioVersion = 10.0.40219.1
Project("{8BC9CEB8-8B4A-11D0-8D11-00A0C91BC942}") = "ContaOccorrenzeParola", "ContaOccorrenzeParola.vcxproj", "{BDE98346-F230-43BE-97F1-310F2AC2CD7E}"
EndProject
Global
	GlobalSection(SolutionConfigurationPlatforms) = preSolution
		Debug|x64 = Debug|x64
		Debug|x86 = Debug|x86
		Release|x64 = Release|x64
		Release|x86 = Release|x86
	EndGlobalSection
	GlobalSection(ProjectConfigurationPlatforms) = postSolution
		{BDE98346-F230-43BE-97F1-310F2AC2CD7E}.Debug|x64.ActiveCfg = Debug|x64
		{BDE98346-F230-43BE-97F1-310F2AC2CD7E}.Debug|x64.Build.0 = Debug|x64
		{BDE98346-F230-43BE-97F1-310F2AC2CD7E}.Debug|x86.ActiveCfg = Debug|Win32
		{BDE98346-F230-43BE-97F1-310F2AC2CD7E}.Debug|x86.Build.0 = Debug|Win32
		{BDE98346-F230-43BE-97F1-310F2AC2CD7E}.Release|x64.ActiveCfg = Release|x64
		{BDE98346-F230-43BE-97F1-310F2AC2CD7E}.Release|x64.Build.0 = Release|x64
		{BDE98346-F230-43BE-97F1-310F2AC2CD7E}.Release|x86.ActiveCfg = Release|Win32
		{BDE98346-F230-43BE-97F1-310F2AC2CD7E}.Release|x86.Build.0 = Release|Win32
	EndGlobalSection
	GlobalSection(SolutionProperties) = preSolution
		HideSolutionNode = FALSE
	EndGlobalSection
	GlobalSection(ExtensibilityGlobals) = postSolution
		SolutionGuid = {CB8EE3C1-F416-45C4-A415-CEDD60E92BD1}
	EndGlobalSection
EndGlobal
